<?xml version="1.0" encoding="utf-8"?>
<Project ToolsVersion="4.0" xmlns="http://schemas.microsoft.com/developer/msbuild/2003">
  <ItemGroup>
    <Filter Include="Source Files">
      <UniqueIdentifier>{a01e3ef5-1aaf-4cca-bbb6-211bf1382dbc}</UniqueIdentifier>
    </Filter>
    <Filter Include="Header Files">
      <UniqueIdentifier>{ffefc9c5-a4a8-42bf-a5cb-0d4fe477c351}</UniqueIdentifier>
    </Filter>
  </ItemGroup>
  <ItemGroup>
    <ClCompile Include="..\src\parquet\arrow\fuzz.cc">
      <Filter>Source Files</Filter>
    </ClCompile>
    <ClCompile Include="..\src\parquet\arrow\generate_fuzz_corpus.cc">
      <Filter>Source Files</Filter>
    </ClCompile>
  </ItemGroup>
</Project>