<?xml version="1.0" encoding="utf-8"?>
<Project ToolsVersion="4.0" xmlns="http://schemas.microsoft.com/developer/msbuild/2003">
  <ItemGroup>
    <Filter Include="Source Files">
      <UniqueIdentifier>{4FC737F1-C7A5-4376-A066-2A32D752A2FF}</UniqueIdentifier>
      <Extensions>cpp;c;cc;cxx;def;odl;idl;hpj;bat;asm;asmx</Extensions>
    </Filter>
    <Filter Include="Header Files">
      <UniqueIdentifier>{93995380-89BD-4b04-88EB-625FBE52EBFB}</UniqueIdentifier>
      <Extensions>h;hh;hpp;hxx;hm;inl;inc;ipp;xsd</Extensions>
    </Filter>
    <Filter Include="Resource Files">
      <UniqueIdentifier>{67DA6AB6-F800-4c08-8B7A-83BB121AAD01}</UniqueIdentifier>
      <Extensions>rc;ico;cur;bmp;dlg;rc2;rct;bin;rgs;gif;jpg;jpeg;jpe;resx;tiff;tif;png;wav;mfcribbon-ms</Extensions>
    </Filter>
    <Filter Include="Source Files\arrow">
      <UniqueIdentifier>{8102ec08-3cd5-4834-87ef-37f117b12314}</UniqueIdentifier>
    </Filter>
    <Filter Include="Source Files\encryption">
      <UniqueIdentifier>{3f54ccb5-dc6e-4072-8786-86f8dbe40798}</UniqueIdentifier>
    </Filter>
    <Filter Include="Source Files\generated">
      <UniqueIdentifier>{af70e7c6-a066-470d-a900-bd81456920fb}</UniqueIdentifier>
    </Filter>
    <Filter Include="Header Files\generated">
      <UniqueIdentifier>{90e7b437-3525-4884-81e2-9cbaf7ea7ac8}</UniqueIdentifier>
    </Filter>
    <Filter Include="Header Files\arrow">
      <UniqueIdentifier>{3931fed6-a7c3-41b8-afb1-f000c4aff7fd}</UniqueIdentifier>
    </Filter>
    <Filter Include="Header Files\encryption">
      <UniqueIdentifier>{bcf45347-2c99-4656-b5a1-f21bc4d1b824}</UniqueIdentifier>
    </Filter>
  </ItemGroup>
  <ItemGroup>
    <ClInclude Include="..\src\parquet\bloom_filter.h">
      <Filter>Header Files</Filter>
    </ClInclude>
    <ClInclude Include="..\src\parquet\column_reader.h">
      <Filter>Header Files</Filter>
    </ClInclude>
    <ClInclude Include="..\src\parquet\column_scanner.h">
      <Filter>Header Files</Filter>
    </ClInclude>
    <ClInclude Include="..\src\parquet\column_writer.h">
      <Filter>Header Files</Filter>
    </ClInclude>
    <ClInclude Include="..\src\parquet\encoding.h">
      <Filter>Header Files</Filter>
    </ClInclude>
    <ClInclude Include="..\src\parquet\exception.h">
      <Filter>Header Files</Filter>
    </ClInclude>
    <ClInclude Include="..\src\parquet\file_reader.h">
      <Filter>Header Files</Filter>
    </ClInclude>
    <ClInclude Include="..\src\parquet\file_writer.h">
      <Filter>Header Files</Filter>
    </ClInclude>
    <ClInclude Include="..\src\parquet\hasher.h">
      <Filter>Header Files</Filter>
    </ClInclude>
    <ClInclude Include="..\src\parquet\level_comparison.h">
      <Filter>Header Files</Filter>
    </ClInclude>
    <ClInclude Include="..\src\parquet\level_comparison_inc.h">
      <Filter>Header Files</Filter>
    </ClInclude>
    <ClInclude Include="..\src\parquet\level_conversion.h">
      <Filter>Header Files</Filter>
    </ClInclude>
    <ClInclude Include="..\src\parquet\level_conversion_inc.h">
      <Filter>Header Files</Filter>
    </ClInclude>
    <ClInclude Include="..\src\parquet\murmur3.h">
      <Filter>Header Files</Filter>
    </ClInclude>
    <ClInclude Include="..\src\parquet\metadata.h">
      <Filter>Header Files</Filter>
    </ClInclude>
    <ClInclude Include="..\src\parquet\pch.h">
      <Filter>Header Files</Filter>
    </ClInclude>
    <ClInclude Include="..\src\parquet\platform.h">
      <Filter>Header Files</Filter>
    </ClInclude>
    <ClInclude Include="..\src\parquet\printer.h">
      <Filter>Header Files</Filter>
    </ClInclude>
    <ClInclude Include="..\src\parquet\properties.h">
      <Filter>Header Files</Filter>
    </ClInclude>
    <ClInclude Include="..\src\parquet\schema.h">
      <Filter>Header Files</Filter>
    </ClInclude>
    <ClInclude Include="..\src\parquet\schema_internal.h">
      <Filter>Header Files</Filter>
    </ClInclude>
    <ClInclude Include="..\src\parquet\statistics.h">
      <Filter>Header Files</Filter>
    </ClInclude>
    <ClInclude Include="..\src\parquet\stream_reader.h">
      <Filter>Header Files</Filter>
    </ClInclude>
    <ClInclude Include="..\src\parquet\stream_writer.h">
      <Filter>Header Files</Filter>
    </ClInclude>
    <ClInclude Include="..\src\parquet\thrift_internal.h">
      <Filter>Header Files</Filter>
    </ClInclude>
    <ClInclude Include="..\src\parquet\type_fwd.h">
      <Filter>Header Files</Filter>
    </ClInclude>
    <ClInclude Include="..\src\parquet\types.h">
      <Filter>Header Files</Filter>
    </ClInclude>
    <ClInclude Include="..\src\parquet\windows_compatibility.h">
      <Filter>Header Files</Filter>
    </ClInclude>
    <ClInclude Include="..\src\parquet\windows_fixup.h">
      <Filter>Header Files</Filter>
    </ClInclude>
    <ClInclude Include="..\src\generated\parquet_constants.h">
      <Filter>Header Files\generated</Filter>
    </ClInclude>
    <ClInclude Include="..\src\generated\parquet_types.h">
      <Filter>Header Files\generated</Filter>
    </ClInclude>
    <ClInclude Include="..\src\parquet\arrow\path_internal.h">
      <Filter>Header Files\arrow</Filter>
    </ClInclude>
    <ClInclude Include="..\src\parquet\arrow\reader.h">
      <Filter>Header Files\arrow</Filter>
    </ClInclude>
    <ClInclude Include="..\src\parquet\arrow\reader_internal.h">
      <Filter>Header Files\arrow</Filter>
    </ClInclude>
    <ClInclude Include="..\src\parquet\arrow\schema.h">
      <Filter>Header Files\arrow</Filter>
    </ClInclude>
    <ClInclude Include="..\src\parquet\arrow\schema_internal.h">
      <Filter>Header Files\arrow</Filter>
    </ClInclude>
    <ClInclude Include="..\src\parquet\arrow\writer.h">
      <Filter>Header Files\arrow</Filter>
    </ClInclude>
    <ClInclude Include="..\src\parquet\encryption\encryption.h">
      <Filter>Header Files\encryption</Filter>
    </ClInclude>
    <ClInclude Include="..\src\parquet\encryption\internal_file_decryptor.h">
      <Filter>Header Files\encryption</Filter>
    </ClInclude>
    <ClInclude Include="..\src\parquet\encryption\internal_file_encryptor.h">
      <Filter>Header Files\encryption</Filter>
    </ClInclude>
    <ClInclude Include="..\src\parquet\column_page.h">
      <Filter>Header Files</Filter>
    </ClInclude>
  </ItemGroup>
  <ItemGroup>
    <ClCompile Include="..\src\parquet\bloom_filter.cc">
      <Filter>Source Files</Filter>
    </ClCompile>
    <ClCompile Include="..\src\parquet\column_reader.cc">
      <Filter>Source Files</Filter>
    </ClCompile>
    <ClCompile Include="..\src\parquet\column_scanner.cc">
      <Filter>Source Files</Filter>
    </ClCompile>
    <ClCompile Include="..\src\parquet\column_scanner_test.cc">
      <Filter>Source Files</Filter>
    </ClCompile>
    <ClCompile Include="..\src\parquet\column_writer.cc">
      <Filter>Source Files</Filter>
    </ClCompile>
    <ClCompile Include="..\src\parquet\encoding.cc">
      <Filter>Source Files</Filter>
    </ClCompile>
    <ClCompile Include="..\src\parquet\exception.cc">
      <Filter>Source Files</Filter>
    </ClCompile>
    <ClCompile Include="..\src\parquet\file_reader.cc">
      <Filter>Source Files</Filter>
    </ClCompile>
    <ClCompile Include="..\src\parquet\file_writer.cc">
      <Filter>Source Files</Filter>
    </ClCompile>
    <ClCompile Include="..\src\parquet\level_comparison.cc">
      <Filter>Source Files</Filter>
    </ClCompile>
    <ClCompile Include="..\src\parquet\level_comparison_avx2.cc">
      <Filter>Source Files</Filter>
    </ClCompile>
    <ClCompile Include="..\src\parquet\level_conversion.cc">
      <Filter>Source Files</Filter>
    </ClCompile>
    <ClCompile Include="..\src\parquet\level_conversion_bmi2.cc">
      <Filter>Source Files</Filter>
    </ClCompile>
    <ClCompile Include="..\src\parquet\metadata.cc">
      <Filter>Source Files</Filter>
    </ClCompile>
    <ClCompile Include="..\src\parquet\murmur3.cc">
      <Filter>Source Files</Filter>
    </ClCompile>
    <ClCompile Include="..\src\parquet\platform.cc">
      <Filter>Source Files</Filter>
    </ClCompile>
    <ClCompile Include="..\src\parquet\printer.cc">
      <Filter>Source Files</Filter>
    </ClCompile>
    <ClCompile Include="..\src\parquet\properties.cc">
      <Filter>Source Files</Filter>
    </ClCompile>
    <ClCompile Include="..\src\parquet\schema.cc">
      <Filter>Source Files</Filter>
    </ClCompile>
    <ClCompile Include="..\src\parquet\statistics.cc">
      <Filter>Source Files</Filter>
    </ClCompile>
    <ClCompile Include="..\src\parquet\stream_reader.cc">
      <Filter>Source Files</Filter>
    </ClCompile>
    <ClCompile Include="..\src\parquet\stream_writer.cc">
      <Filter>Source Files</Filter>
    </ClCompile>
    <ClCompile Include="..\src\parquet\types.cc">
      <Filter>Source Files</Filter>
    </ClCompile>
    <ClCompile Include="..\src\parquet\arrow\reader.cc">
      <Filter>Source Files\arrow</Filter>
    </ClCompile>
    <ClCompile Include="..\src\parquet\arrow\reader_internal.cc">
      <Filter>Source Files\arrow</Filter>
    </ClCompile>
    <ClCompile Include="..\src\parquet\arrow\schema.cc">
      <Filter>Source Files\arrow</Filter>
    </ClCompile>
    <ClCompile Include="..\src\parquet\arrow\schema_internal.cc">
      <Filter>Source Files\arrow</Filter>
    </ClCompile>
    <ClCompile Include="..\src\parquet\arrow\writer.cc">
      <Filter>Source Files\arrow</Filter>
    </ClCompile>
    <ClCompile Include="..\src\parquet\encryption\encryption.cc">
      <Filter>Source Files\encryption</Filter>
    </ClCompile>
    <ClCompile Include="..\src\parquet\encryption\internal_file_decryptor.cc">
      <Filter>Source Files\encryption</Filter>
    </ClCompile>
    <ClCompile Include="..\src\parquet\encryption\internal_file_encryptor.cc">
      <Filter>Source Files\encryption</Filter>
    </ClCompile>
    <ClCompile Include="..\src\parquet\arrow\path_internal.cc">
      <Filter>Source Files\arrow</Filter>
    </ClCompile>
    <ClCompile Include="..\src\generated\parquet_constants.cpp">
      <Filter>Source Files\generated</Filter>
    </ClCompile>
    <ClCompile Include="..\src\generated\parquet_types.cpp">
      <Filter>Source Files\generated</Filter>
    </ClCompile>
  </ItemGroup>
</Project>