
Microsoft Visual Studio Solution File, Format Version 12.00
# Visual Studio 15
VisualStudioVersion = 15.0.28307.645
MinimumVisualStudioVersion = 10.0.40219.1
Project("{8BC9CEB8-8B4A-11D0-8D11-00A0C91BC942}") = "parquet_lib", "parquet_lib.vcxproj", "{847F0D60-CEFF-4758-873E-817F719898E4}"
EndProject
Project("{2150E333-8FDC-42A3-9474-1A3956D46DE8}") = "Solution Items", "Solution Items", "{5F90F60D-5D45-4B18-B2CA-46EC1E9A09B6}"
	ProjectSection(SolutionItems) = preProject
		..\src\parquet\README = ..\src\parquet\README
	EndProjectSection
EndProject
Project("{8BC9CEB8-8B4A-11D0-8D11-00A0C91BC942}") = "parquet_lib_all", "parquet_lib_all.vcxproj", "{2D421359-0084-40F5-9312-94EE0CBDA000}"
EndProject
Project("{8BC9CEB8-8B4A-11D0-8D11-00A0C91BC942}") = "generate_fuzz_corpus", "generate_fuzz_corpus.vcxproj", "{DA691A11-09A7-482D-BF2C-94601D61BCAB}"
	ProjectSection(ProjectDependencies) = postProject
		{2D421359-0084-40F5-9312-94EE0CBDA000} = {2D421359-0084-40F5-9312-94EE0CBDA000}
	EndProjectSection
EndProject
Project("{8BC9CEB8-8B4A-11D0-8D11-00A0C91BC942}") = "arrow_lib_all", "arrow_lib_all.vcxproj", "{E02EF412-186A-44C4-B305-23BFE5DF0B86}"
EndProject
Global
	GlobalSection(SolutionConfigurationPlatforms) = preSolution
		Debug|x64 = Debug|x64
		Debug|x86 = Debug|x86
		Release|x64 = Release|x64
		Release|x86 = Release|x86
	EndGlobalSection
	GlobalSection(ProjectConfigurationPlatforms) = postSolution
		{847F0D60-CEFF-4758-873E-817F719898E4}.Debug|x64.ActiveCfg = Debug|x64
		{847F0D60-CEFF-4758-873E-817F719898E4}.Debug|x64.Build.0 = Debug|x64
		{847F0D60-CEFF-4758-873E-817F719898E4}.Debug|x86.ActiveCfg = Debug|Win32
		{847F0D60-CEFF-4758-873E-817F719898E4}.Debug|x86.Build.0 = Debug|Win32
		{847F0D60-CEFF-4758-873E-817F719898E4}.Release|x64.ActiveCfg = Release|x64
		{847F0D60-CEFF-4758-873E-817F719898E4}.Release|x64.Build.0 = Release|x64
		{847F0D60-CEFF-4758-873E-817F719898E4}.Release|x86.ActiveCfg = Release|Win32
		{847F0D60-CEFF-4758-873E-817F719898E4}.Release|x86.Build.0 = Release|Win32
		{2D421359-0084-40F5-9312-94EE0CBDA000}.Debug|x64.ActiveCfg = Debug|x64
		{2D421359-0084-40F5-9312-94EE0CBDA000}.Debug|x64.Build.0 = Debug|x64
		{2D421359-0084-40F5-9312-94EE0CBDA000}.Debug|x86.ActiveCfg = Debug|Win32
		{2D421359-0084-40F5-9312-94EE0CBDA000}.Debug|x86.Build.0 = Debug|Win32
		{2D421359-0084-40F5-9312-94EE0CBDA000}.Release|x64.ActiveCfg = Release|x64
		{2D421359-0084-40F5-9312-94EE0CBDA000}.Release|x64.Build.0 = Release|x64
		{2D421359-0084-40F5-9312-94EE0CBDA000}.Release|x86.ActiveCfg = Release|Win32
		{2D421359-0084-40F5-9312-94EE0CBDA000}.Release|x86.Build.0 = Release|Win32
		{DA691A11-09A7-482D-BF2C-94601D61BCAB}.Debug|x64.ActiveCfg = Debug|x64
		{DA691A11-09A7-482D-BF2C-94601D61BCAB}.Debug|x64.Build.0 = Debug|x64
		{DA691A11-09A7-482D-BF2C-94601D61BCAB}.Debug|x86.ActiveCfg = Debug|Win32
		{DA691A11-09A7-482D-BF2C-94601D61BCAB}.Debug|x86.Build.0 = Debug|Win32
		{DA691A11-09A7-482D-BF2C-94601D61BCAB}.Release|x64.ActiveCfg = Release|x64
		{DA691A11-09A7-482D-BF2C-94601D61BCAB}.Release|x64.Build.0 = Release|x64
		{DA691A11-09A7-482D-BF2C-94601D61BCAB}.Release|x86.ActiveCfg = Release|Win32
		{DA691A11-09A7-482D-BF2C-94601D61BCAB}.Release|x86.Build.0 = Release|Win32
		{E02EF412-186A-44C4-B305-23BFE5DF0B86}.Debug|x64.ActiveCfg = Debug|x64
		{E02EF412-186A-44C4-B305-23BFE5DF0B86}.Debug|x64.Build.0 = Debug|x64
		{E02EF412-186A-44C4-B305-23BFE5DF0B86}.Debug|x86.ActiveCfg = Debug|Win32
		{E02EF412-186A-44C4-B305-23BFE5DF0B86}.Debug|x86.Build.0 = Debug|Win32
		{E02EF412-186A-44C4-B305-23BFE5DF0B86}.Release|x64.ActiveCfg = Release|x64
		{E02EF412-186A-44C4-B305-23BFE5DF0B86}.Release|x64.Build.0 = Release|x64
		{E02EF412-186A-44C4-B305-23BFE5DF0B86}.Release|x86.ActiveCfg = Release|Win32
		{E02EF412-186A-44C4-B305-23BFE5DF0B86}.Release|x86.Build.0 = Release|Win32
	EndGlobalSection
	GlobalSection(SolutionProperties) = preSolution
		HideSolutionNode = FALSE
	EndGlobalSection
	GlobalSection(ExtensibilityGlobals) = postSolution
		SolutionGuid = {4984E05C-6559-4038-BE04-F045A8095A92}
	EndGlobalSection
EndGlobal
