<?xml version="1.0" encoding="utf-8"?>
<Project ToolsVersion="4.0" xmlns="http://schemas.microsoft.com/developer/msbuild/2003">
  <ItemGroup>
    <Filter Include="Header Files">
      <UniqueIdentifier>{4adfa00f-5317-43fe-b70c-9b5fda8b76ed}</UniqueIdentifier>
    </Filter>
    <Filter Include="Header Files\generated">
      <UniqueIdentifier>{085d4afa-1d0b-4ded-863a-1848e0e9d7c0}</UniqueIdentifier>
    </Filter>
    <Filter Include="Header Files\arrow">
      <UniqueIdentifier>{d243b9f5-5564-4b84-8727-748405602b6f}</UniqueIdentifier>
    </Filter>
    <Filter Include="Header Files\encryption">
      <UniqueIdentifier>{aed50355-6245-4425-8467-b05b18c69f72}</UniqueIdentifier>
    </Filter>
    <Filter Include="Resource Files">
      <UniqueIdentifier>{03237b19-08b1-46b7-becc-5c1381e23585}</UniqueIdentifier>
    </Filter>
    <Filter Include="Source Files">
      <UniqueIdentifier>{fa076729-b841-44ed-a74f-da67600e1d49}</UniqueIdentifier>
    </Filter>
    <Filter Include="Source Files\arrow">
      <UniqueIdentifier>{7dd3daff-c017-4156-86ca-3c82fc0e1b75}</UniqueIdentifier>
    </Filter>
    <Filter Include="Source Files\encryption">
      <UniqueIdentifier>{e8b0e2e7-7475-4710-ad2b-f380eb4585db}</UniqueIdentifier>
    </Filter>
    <Filter Include="Source Files\generated">
      <UniqueIdentifier>{1f999c56-8854-4b2c-a8b8-4ad8e9863b69}</UniqueIdentifier>
    </Filter>
    <Filter Include="Source Files\internals-test">
      <UniqueIdentifier>{182469c6-2851-452c-ad01-a66566373c5c}</UniqueIdentifier>
    </Filter>
    <Filter Include="Source Files\reader-test">
      <UniqueIdentifier>{da6eec53-4fe8-4153-bd62-0d8287b0db79}</UniqueIdentifier>
    </Filter>
    <Filter Include="Source Files\writer-test">
      <UniqueIdentifier>{932a17ee-1b5c-42a3-a49b-cef614a8062a}</UniqueIdentifier>
    </Filter>
    <Filter Include="Source Files\arrow-test">
      <UniqueIdentifier>{88cf6bf8-b5b1-4765-8938-0d85cb873751}</UniqueIdentifier>
    </Filter>
    <Filter Include="Source Files\arrow-internals-test">
      <UniqueIdentifier>{b1dd9aef-be18-4eb5-baef-c5db15c3a13b}</UniqueIdentifier>
    </Filter>
    <Filter Include="Source Files\encryption-test">
      <UniqueIdentifier>{8f4b8d0e-9fc0-4263-8fce-aa1e272531f6}</UniqueIdentifier>
    </Filter>
    <Filter Include="Source Files\encryption-key-management-test">
      <UniqueIdentifier>{8a8fdb17-1eb7-4405-b821-d5f7e688130f}</UniqueIdentifier>
    </Filter>
    <Filter Include="Source Files\file_deserialize_test">
      <UniqueIdentifier>{bf3170eb-0e4b-40ff-930b-3bc5be4cf358}</UniqueIdentifier>
    </Filter>
    <Filter Include="Source Files\schema_test">
      <UniqueIdentifier>{dcc062e9-fa61-45ee-8ed7-545e8e15f2cb}</UniqueIdentifier>
    </Filter>
    <Filter Include="Source Files\column_io_benchmark">
      <UniqueIdentifier>{51b3305e-3d0b-4f5a-953c-f8fb08e05ac4}</UniqueIdentifier>
    </Filter>
    <Filter Include="Source Files\encoding_benchmark">
      <UniqueIdentifier>{ecfec364-f677-4ff3-8c05-257d0d07bce2}</UniqueIdentifier>
    </Filter>
    <Filter Include="Source Files\evel_conversion_benchmark">
      <UniqueIdentifier>{884608e2-e1bb-476f-96af-037365027d3c}</UniqueIdentifier>
    </Filter>
    <Filter Include="Source Files\arrow\reader_writer_benchmark">
      <UniqueIdentifier>{4e25669d-e761-4fe2-b5a4-5b12bdf5f324}</UniqueIdentifier>
    </Filter>
  </ItemGroup>
  <ItemGroup>
    <ClInclude Include="..\src\parquet\bloom_filter.h">
      <Filter>Header Files</Filter>
    </ClInclude>
    <ClInclude Include="..\src\parquet\column_reader.h">
      <Filter>Header Files</Filter>
    </ClInclude>
    <ClInclude Include="..\src\parquet\column_scanner.h">
      <Filter>Header Files</Filter>
    </ClInclude>
    <ClInclude Include="..\src\parquet\column_writer.h">
      <Filter>Header Files</Filter>
    </ClInclude>
    <ClInclude Include="..\src\parquet\encoding.h">
      <Filter>Header Files</Filter>
    </ClInclude>
    <ClInclude Include="..\src\parquet\exception.h">
      <Filter>Header Files</Filter>
    </ClInclude>
    <ClInclude Include="..\src\parquet\file_reader.h">
      <Filter>Header Files</Filter>
    </ClInclude>
    <ClInclude Include="..\src\parquet\file_writer.h">
      <Filter>Header Files</Filter>
    </ClInclude>
    <ClInclude Include="..\src\parquet\hasher.h">
      <Filter>Header Files</Filter>
    </ClInclude>
    <ClInclude Include="..\src\parquet\level_comparison.h">
      <Filter>Header Files</Filter>
    </ClInclude>
    <ClInclude Include="..\src\parquet\level_comparison_inc.h">
      <Filter>Header Files</Filter>
    </ClInclude>
    <ClInclude Include="..\src\parquet\level_conversion.h">
      <Filter>Header Files</Filter>
    </ClInclude>
    <ClInclude Include="..\src\parquet\level_conversion_inc.h">
      <Filter>Header Files</Filter>
    </ClInclude>
    <ClInclude Include="..\src\parquet\murmur3.h">
      <Filter>Header Files</Filter>
    </ClInclude>
    <ClInclude Include="..\src\parquet\metadata.h">
      <Filter>Header Files</Filter>
    </ClInclude>
    <ClInclude Include="..\src\parquet\pch.h">
      <Filter>Header Files</Filter>
    </ClInclude>
    <ClInclude Include="..\src\parquet\platform.h">
      <Filter>Header Files</Filter>
    </ClInclude>
    <ClInclude Include="..\src\parquet\printer.h">
      <Filter>Header Files</Filter>
    </ClInclude>
    <ClInclude Include="..\src\parquet\properties.h">
      <Filter>Header Files</Filter>
    </ClInclude>
    <ClInclude Include="..\src\parquet\schema.h">
      <Filter>Header Files</Filter>
    </ClInclude>
    <ClInclude Include="..\src\parquet\schema_internal.h">
      <Filter>Header Files</Filter>
    </ClInclude>
    <ClInclude Include="..\src\parquet\statistics.h">
      <Filter>Header Files</Filter>
    </ClInclude>
    <ClInclude Include="..\src\parquet\stream_reader.h">
      <Filter>Header Files</Filter>
    </ClInclude>
    <ClInclude Include="..\src\parquet\stream_writer.h">
      <Filter>Header Files</Filter>
    </ClInclude>
    <ClInclude Include="..\src\parquet\thrift_internal.h">
      <Filter>Header Files</Filter>
    </ClInclude>
    <ClInclude Include="..\src\parquet\type_fwd.h">
      <Filter>Header Files</Filter>
    </ClInclude>
    <ClInclude Include="..\src\parquet\types.h">
      <Filter>Header Files</Filter>
    </ClInclude>
    <ClInclude Include="..\src\parquet\windows_compatibility.h">
      <Filter>Header Files</Filter>
    </ClInclude>
    <ClInclude Include="..\src\parquet\windows_fixup.h">
      <Filter>Header Files</Filter>
    </ClInclude>
    <ClInclude Include="..\src\generated\parquet_constants.h">
      <Filter>Header Files\generated</Filter>
    </ClInclude>
    <ClInclude Include="..\src\generated\parquet_types.h">
      <Filter>Header Files\generated</Filter>
    </ClInclude>
    <ClInclude Include="..\src\parquet\arrow\path_internal.h">
      <Filter>Header Files\arrow</Filter>
    </ClInclude>
    <ClInclude Include="..\src\parquet\arrow\reader.h">
      <Filter>Header Files\arrow</Filter>
    </ClInclude>
    <ClInclude Include="..\src\parquet\arrow\reader_internal.h">
      <Filter>Header Files\arrow</Filter>
    </ClInclude>
    <ClInclude Include="..\src\parquet\arrow\schema.h">
      <Filter>Header Files\arrow</Filter>
    </ClInclude>
    <ClInclude Include="..\src\parquet\arrow\schema_internal.h">
      <Filter>Header Files\arrow</Filter>
    </ClInclude>
    <ClInclude Include="..\src\parquet\arrow\writer.h">
      <Filter>Header Files\arrow</Filter>
    </ClInclude>
    <ClInclude Include="..\src\parquet\encryption\encryption.h">
      <Filter>Header Files\encryption</Filter>
    </ClInclude>
    <ClInclude Include="..\src\parquet\encryption\internal_file_decryptor.h">
      <Filter>Header Files\encryption</Filter>
    </ClInclude>
    <ClInclude Include="..\src\parquet\encryption\internal_file_encryptor.h">
      <Filter>Header Files\encryption</Filter>
    </ClInclude>
    <ClInclude Include="..\src\parquet\column_page.h">
      <Filter>Header Files</Filter>
    </ClInclude>
    <ClInclude Include="..\src\parquet\arrow\test_util.h">
      <Filter>Header Files</Filter>
    </ClInclude>
  </ItemGroup>
  <ItemGroup>
    <ClCompile Include="..\src\parquet\bloom_filter.cc">
      <Filter>Source Files</Filter>
    </ClCompile>
    <ClCompile Include="..\src\parquet\column_reader.cc">
      <Filter>Source Files</Filter>
    </ClCompile>
    <ClCompile Include="..\src\parquet\column_scanner.cc">
      <Filter>Source Files</Filter>
    </ClCompile>
    <ClCompile Include="..\src\parquet\column_scanner_test.cc">
      <Filter>Source Files</Filter>
    </ClCompile>
    <ClCompile Include="..\src\parquet\column_writer.cc">
      <Filter>Source Files</Filter>
    </ClCompile>
    <ClCompile Include="..\src\parquet\encoding.cc">
      <Filter>Source Files</Filter>
    </ClCompile>
    <ClCompile Include="..\src\parquet\exception.cc">
      <Filter>Source Files</Filter>
    </ClCompile>
    <ClCompile Include="..\src\parquet\file_reader.cc">
      <Filter>Source Files</Filter>
    </ClCompile>
    <ClCompile Include="..\src\parquet\file_writer.cc">
      <Filter>Source Files</Filter>
    </ClCompile>
    <ClCompile Include="..\src\parquet\level_comparison.cc">
      <Filter>Source Files</Filter>
    </ClCompile>
    <ClCompile Include="..\src\parquet\level_comparison_avx2.cc">
      <Filter>Source Files</Filter>
    </ClCompile>
    <ClCompile Include="..\src\parquet\level_conversion.cc">
      <Filter>Source Files</Filter>
    </ClCompile>
    <ClCompile Include="..\src\parquet\level_conversion_bmi2.cc">
      <Filter>Source Files</Filter>
    </ClCompile>
    <ClCompile Include="..\src\parquet\metadata.cc">
      <Filter>Source Files</Filter>
    </ClCompile>
    <ClCompile Include="..\src\parquet\murmur3.cc">
      <Filter>Source Files</Filter>
    </ClCompile>
    <ClCompile Include="..\src\parquet\platform.cc">
      <Filter>Source Files</Filter>
    </ClCompile>
    <ClCompile Include="..\src\parquet\printer.cc">
      <Filter>Source Files</Filter>
    </ClCompile>
    <ClCompile Include="..\src\parquet\properties.cc">
      <Filter>Source Files</Filter>
    </ClCompile>
    <ClCompile Include="..\src\parquet\schema.cc">
      <Filter>Source Files</Filter>
    </ClCompile>
    <ClCompile Include="..\src\parquet\statistics.cc">
      <Filter>Source Files</Filter>
    </ClCompile>
    <ClCompile Include="..\src\parquet\stream_reader.cc">
      <Filter>Source Files</Filter>
    </ClCompile>
    <ClCompile Include="..\src\parquet\stream_writer.cc">
      <Filter>Source Files</Filter>
    </ClCompile>
    <ClCompile Include="..\src\parquet\types.cc">
      <Filter>Source Files</Filter>
    </ClCompile>
    <ClCompile Include="..\src\parquet\arrow\reader.cc">
      <Filter>Source Files\arrow</Filter>
    </ClCompile>
    <ClCompile Include="..\src\parquet\arrow\reader_internal.cc">
      <Filter>Source Files\arrow</Filter>
    </ClCompile>
    <ClCompile Include="..\src\parquet\arrow\schema.cc">
      <Filter>Source Files\arrow</Filter>
    </ClCompile>
    <ClCompile Include="..\src\parquet\arrow\schema_internal.cc">
      <Filter>Source Files\arrow</Filter>
    </ClCompile>
    <ClCompile Include="..\src\parquet\arrow\writer.cc">
      <Filter>Source Files\arrow</Filter>
    </ClCompile>
    <ClCompile Include="..\src\parquet\arrow\path_internal.cc">
      <Filter>Source Files\arrow</Filter>
    </ClCompile>
    <ClCompile Include="..\src\parquet\encryption\encryption.cc">
      <Filter>Source Files\encryption</Filter>
    </ClCompile>
    <ClCompile Include="..\src\parquet\encryption\internal_file_decryptor.cc">
      <Filter>Source Files\encryption</Filter>
    </ClCompile>
    <ClCompile Include="..\src\parquet\encryption\internal_file_encryptor.cc">
      <Filter>Source Files\encryption</Filter>
    </ClCompile>
    <ClCompile Include="..\src\generated\parquet_constants.cpp">
      <Filter>Source Files\generated</Filter>
    </ClCompile>
    <ClCompile Include="..\src\generated\parquet_types.cpp">
      <Filter>Source Files\generated</Filter>
    </ClCompile>
    <ClCompile Include="..\src\parquet\encryption\crypto_factory.cc">
      <Filter>Source Files\encryption</Filter>
    </ClCompile>
    <ClCompile Include="..\src\parquet\encryption\file_key_unwrapper.cc">
      <Filter>Source Files\encryption</Filter>
    </ClCompile>
    <ClCompile Include="..\src\parquet\encryption\file_key_wrapper.cc">
      <Filter>Source Files\encryption</Filter>
    </ClCompile>
    <ClCompile Include="..\src\parquet\encryption\key_management_test.cc">
      <Filter>Source Files\encryption</Filter>
    </ClCompile>
    <ClCompile Include="..\src\parquet\encryption\key_material.cc">
      <Filter>Source Files\encryption</Filter>
    </ClCompile>
    <ClCompile Include="..\src\parquet\encryption\key_metadata.cc">
      <Filter>Source Files\encryption</Filter>
    </ClCompile>
    <ClCompile Include="..\src\parquet\encryption\key_toolkit.cc">
      <Filter>Source Files\encryption</Filter>
    </ClCompile>
    <ClCompile Include="..\src\parquet\encryption\key_toolkit_internal.cc">
      <Filter>Source Files\encryption</Filter>
    </ClCompile>
    <ClCompile Include="..\src\parquet\encryption\kms_client.cc">
      <Filter>Source Files\encryption</Filter>
    </ClCompile>
    <ClCompile Include="..\src\parquet\encryption\local_wrap_kms_client.cc">
      <Filter>Source Files\encryption</Filter>
    </ClCompile>
    <ClCompile Include="..\src\parquet\bloom_filter_test.cc">
      <Filter>Source Files\internals-test</Filter>
    </ClCompile>
    <ClCompile Include="..\src\parquet\encoding_test.cc">
      <Filter>Source Files\internals-test</Filter>
    </ClCompile>
    <ClCompile Include="..\src\parquet\metadata_test.cc">
      <Filter>Source Files\internals-test</Filter>
    </ClCompile>
    <ClCompile Include="..\src\parquet\properties_test.cc">
      <Filter>Source Files\internals-test</Filter>
    </ClCompile>
    <ClCompile Include="..\src\parquet\public_api_test.cc">
      <Filter>Source Files\internals-test</Filter>
    </ClCompile>
    <ClCompile Include="..\src\parquet\statistics_test.cc">
      <Filter>Source Files\internals-test</Filter>
    </ClCompile>
    <ClCompile Include="..\src\parquet\test_util.cc">
      <Filter>Source Files\internals-test</Filter>
    </ClCompile>
    <ClCompile Include="..\src\parquet\types_test.cc">
      <Filter>Source Files\internals-test</Filter>
    </ClCompile>
    <ClCompile Include="..\src\parquet\column_reader_test.cc">
      <Filter>Source Files\reader-test</Filter>
    </ClCompile>
    <ClCompile Include="..\src\parquet\level_conversion_test.cc">
      <Filter>Source Files\reader-test</Filter>
    </ClCompile>
    <ClCompile Include="..\src\parquet\reader_test.cc">
      <Filter>Source Files\reader-test</Filter>
    </ClCompile>
    <ClCompile Include="..\src\parquet\stream_reader_test.cc">
      <Filter>Source Files\reader-test</Filter>
    </ClCompile>
    <ClCompile Include="..\src\parquet\column_writer_test.cc">
      <Filter>Source Files\writer-test</Filter>
    </ClCompile>
    <ClCompile Include="..\src\parquet\file_serialize_test.cc">
      <Filter>Source Files\writer-test</Filter>
    </ClCompile>
    <ClCompile Include="..\src\parquet\stream_writer_test.cc">
      <Filter>Source Files\writer-test</Filter>
    </ClCompile>
    <ClCompile Include="..\src\parquet\arrow\arrow_reader_writer_test.cc">
      <Filter>Source Files\arrow-test</Filter>
    </ClCompile>
    <ClCompile Include="..\src\parquet\arrow\arrow_schema_test.cc">
      <Filter>Source Files\arrow-test</Filter>
    </ClCompile>
    <ClCompile Include="..\src\parquet\arrow\arrow_statistics_test.cc">
      <Filter>Source Files\arrow-test</Filter>
    </ClCompile>
    <ClCompile Include="..\src\parquet\arrow\path_internal_test.cc">
      <Filter>Source Files\arrow-internals-test</Filter>
    </ClCompile>
    <ClCompile Include="..\src\parquet\arrow\reconstruct_internal_test.cc">
      <Filter>Source Files\arrow-internals-test</Filter>
    </ClCompile>
    <ClCompile Include="..\src\parquet\encryption\properties_test.cc">
      <Filter>Source Files\encryption-test</Filter>
    </ClCompile>
    <ClCompile Include="..\src\parquet\encryption\read_configurations_test.cc">
      <Filter>Source Files\encryption-test</Filter>
    </ClCompile>
    <ClCompile Include="..\src\parquet\encryption\test_encryption_util.cc">
      <Filter>Source Files\encryption-test</Filter>
    </ClCompile>
    <ClCompile Include="..\src\parquet\encryption\write_configurations_test.cc">
      <Filter>Source Files\encryption-test</Filter>
    </ClCompile>
    <ClCompile Include="..\src\parquet\encryption\key_metadata_test.cc">
      <Filter>Source Files\encryption-key-management-test</Filter>
    </ClCompile>
    <ClCompile Include="..\src\parquet\encryption\key_wrapping_test.cc">
      <Filter>Source Files\encryption-key-management-test</Filter>
    </ClCompile>
    <ClCompile Include="..\src\parquet\encryption\test_in_memory_kms.cc">
      <Filter>Source Files\encryption-key-management-test</Filter>
    </ClCompile>
    <ClCompile Include="..\src\parquet\encryption\two_level_cache_with_expiration_test.cc">
      <Filter>Source Files\encryption-key-management-test</Filter>
    </ClCompile>
    <ClCompile Include="..\src\parquet\file_deserialize_test.cc">
      <Filter>Source Files\file_deserialize_test</Filter>
    </ClCompile>
    <ClCompile Include="..\src\parquet\schema_test.cc">
      <Filter>Source Files\schema_test</Filter>
    </ClCompile>
    <ClCompile Include="..\src\parquet\column_io_benchmark.cc">
      <Filter>Source Files\column_io_benchmark</Filter>
    </ClCompile>
    <ClCompile Include="..\src\parquet\encoding_benchmark.cc">
      <Filter>Source Files\encoding_benchmark</Filter>
    </ClCompile>
    <ClCompile Include="..\src\parquet\level_conversion_benchmark.cc">
      <Filter>Source Files\evel_conversion_benchmark</Filter>
    </ClCompile>
    <ClCompile Include="..\src\parquet\arrow\reader_writer_benchmark.cc">
      <Filter>Source Files\arrow\reader_writer_benchmark</Filter>
    </ClCompile>
  </ItemGroup>
</Project>